{
  "nodes": {
    "lakeroad-yosys": {
      "flake": false,
      "locked": {
        "lastModified": 1696722664,
        "narHash": "sha256-sO2TbB4xMoVzJuIYZzB/uHMsABYjE0ZQRH89KLzsDvg=",
        "owner": "uwsampl",
        "repo": "yosys",
        "rev": "316e2bdcb8b2f227342af162a6d09c9b63a65ad4",
        "type": "github"
      },
      "original": {
        "owner": "uwsampl",
        "ref": "gussmith23/lakeroad-backend",
        "repo": "yosys",
        "type": "github"
      }
    },
    "nixpkgs": {
      "locked": {
        "lastModified": 1694422566,
        "narHash": "sha256-lHJ+A9esOz9vln/3CJG23FV6Wd2OoOFbDeEs4cMGMqc=",
        "owner": "NixOS",
        "repo": "nixpkgs",
        "rev": "3a2786eea085f040a66ecde1bc3ddc7099f6dbeb",
        "type": "github"
      },
      "original": {
        "id": "nixpkgs",
        "ref": "nixos-unstable",
        "type": "indirect"
      }
    },
    "root": {
      "inputs": {
        "lakeroad-yosys": "lakeroad-yosys",
        "nixpkgs": "nixpkgs"
      }
    }
  },
  "root": "root",
  "version": 7
}
